
Microsoft Visual Studio Solution File, Format Version 12.00
# Visual Studio Version 16
VisualStudioVersion = 16.6.30114.105
MinimumVisualStudioVersion = 10.0.40219.1
Project("{2150E333-8FDC-42A3-9474-1A3956D46DE8}") = "Domain", "Domain", "{B4855736-5FB8-4C86-AF44-9521EF02E257}"
EndProject
Project("{FAE04EC0-301F-11D3-BF4B-00C04F79EFBC}") = "Domain.Core", "Domain\Domain.Core\Domain.Core.csproj", "{DFD9E1B5-E3ED-41AC-80F0-641F5F4AD4E5}"
EndProject
Project("{FAE04EC0-301F-11D3-BF4B-00C04F79EFBC}") = "Infra.Bus", "Infra.Bus\Infra.Bus.csproj", "{F2F08799-B8FE-43F9-8EE0-3435C22A7930}"
EndProject
Project("{FAE04EC0-301F-11D3-BF4B-00C04F79EFBC}") = "Infra.IoC", "Infra.IoC\Infra.IoC.csproj", "{EA2E0A34-CCC1-4682-ACEE-8746C366E05B}"
EndProject
Project("{2150E333-8FDC-42A3-9474-1A3956D46DE8}") = "Microservices", "Microservices", "{9BED8B09-E4B3-4ED4-B6FC-F342747D55FA}"
EndProject
Project("{2150E333-8FDC-42A3-9474-1A3956D46DE8}") = "Banking", "Banking", "{A83F5FA9-C398-4F59-9165-92578CA5694C}"
EndProject
Project("{2150E333-8FDC-42A3-9474-1A3956D46DE8}") = "API", "API", "{C91CB92E-6B59-4CB0-988E-72F7631A94CF}"
EndProject
Project("{FAE04EC0-301F-11D3-BF4B-00C04F79EFBC}") = "Banking.API", "Microservices\Banking\API\Banking.API\Banking.API.csproj", "{3F6CC22A-8458-4EA5-B18A-947D03F577E3}"
EndProject
Project("{2150E333-8FDC-42A3-9474-1A3956D46DE8}") = "Application", "Application", "{7091032C-E739-4A96-929F-E92D8F70AA8F}"
EndProject
Project("{FAE04EC0-301F-11D3-BF4B-00C04F79EFBC}") = "Banking.Application", "Microservices\Banking\Application\Banking.Application\Banking.Application.csproj", "{B21CD226-B12E-4046-A901-84052A5272C3}"
EndProject
Project("{2150E333-8FDC-42A3-9474-1A3956D46DE8}") = "Data", "Data", "{823CFC6C-501D-4E32-BFBE-C85F9A801EFE}"
EndProject
Project("{FAE04EC0-301F-11D3-BF4B-00C04F79EFBC}") = "Banking.Data", "Microservices\Banking\Data\Banking.Data\Banking.Data.csproj", "{4CE1EE01-D649-4E1D-A1B0-C8F239F5CE00}"
EndProject
Project("{2150E333-8FDC-42A3-9474-1A3956D46DE8}") = "Domain", "Domain", "{66688A62-0143-4A04-B6AC-06E7273B57F4}"
EndProject
Project("{FAE04EC0-301F-11D3-BF4B-00C04F79EFBC}") = "Banking.Domain", "Microservices\Banking\Domain\Banking.Domain\Banking.Domain.csproj", "{60D362E3-DFDC-4C89-B235-6FCCA104C07F}"
EndProject
Global
	GlobalSection(SolutionConfigurationPlatforms) = preSolution
		Debug|Any CPU = Debug|Any CPU
		Debug|x64 = Debug|x64
		Debug|x86 = Debug|x86
		Release|Any CPU = Release|Any CPU
		Release|x64 = Release|x64
		Release|x86 = Release|x86
	EndGlobalSection
	GlobalSection(SolutionProperties) = preSolution
		HideSolutionNode = FALSE
	EndGlobalSection
	GlobalSection(ProjectConfigurationPlatforms) = postSolution
		{DFD9E1B5-E3ED-41AC-80F0-641F5F4AD4E5}.Debug|Any CPU.ActiveCfg = Debug|Any CPU
		{DFD9E1B5-E3ED-41AC-80F0-641F5F4AD4E5}.Debug|Any CPU.Build.0 = Debug|Any CPU
		{DFD9E1B5-E3ED-41AC-80F0-641F5F4AD4E5}.Debug|x64.ActiveCfg = Debug|Any CPU
		{DFD9E1B5-E3ED-41AC-80F0-641F5F4AD4E5}.Debug|x64.Build.0 = Debug|Any CPU
		{DFD9E1B5-E3ED-41AC-80F0-641F5F4AD4E5}.Debug|x86.ActiveCfg = Debug|Any CPU
		{DFD9E1B5-E3ED-41AC-80F0-641F5F4AD4E5}.Debug|x86.Build.0 = Debug|Any CPU
		{DFD9E1B5-E3ED-41AC-80F0-641F5F4AD4E5}.Release|Any CPU.ActiveCfg = Release|Any CPU
		{DFD9E1B5-E3ED-41AC-80F0-641F5F4AD4E5}.Release|Any CPU.Build.0 = Release|Any CPU
		{DFD9E1B5-E3ED-41AC-80F0-641F5F4AD4E5}.Release|x64.ActiveCfg = Release|Any CPU
		{DFD9E1B5-E3ED-41AC-80F0-641F5F4AD4E5}.Release|x64.Build.0 = Release|Any CPU
		{DFD9E1B5-E3ED-41AC-80F0-641F5F4AD4E5}.Release|x86.ActiveCfg = Release|Any CPU
		{DFD9E1B5-E3ED-41AC-80F0-641F5F4AD4E5}.Release|x86.Build.0 = Release|Any CPU
		{F2F08799-B8FE-43F9-8EE0-3435C22A7930}.Debug|Any CPU.ActiveCfg = Debug|Any CPU
		{F2F08799-B8FE-43F9-8EE0-3435C22A7930}.Debug|Any CPU.Build.0 = Debug|Any CPU
		{F2F08799-B8FE-43F9-8EE0-3435C22A7930}.Debug|x64.ActiveCfg = Debug|Any CPU
		{F2F08799-B8FE-43F9-8EE0-3435C22A7930}.Debug|x64.Build.0 = Debug|Any CPU
		{F2F08799-B8FE-43F9-8EE0-3435C22A7930}.Debug|x86.ActiveCfg = Debug|Any CPU
		{F2F08799-B8FE-43F9-8EE0-3435C22A7930}.Debug|x86.Build.0 = Debug|Any CPU
		{F2F08799-B8FE-43F9-8EE0-3435C22A7930}.Release|Any CPU.ActiveCfg = Release|Any CPU
		{F2F08799-B8FE-43F9-8EE0-3435C22A7930}.Release|Any CPU.Build.0 = Release|Any CPU
		{F2F08799-B8FE-43F9-8EE0-3435C22A7930}.Release|x64.ActiveCfg = Release|Any CPU
		{F2F08799-B8FE-43F9-8EE0-3435C22A7930}.Release|x64.Build.0 = Release|Any CPU
		{F2F08799-B8FE-43F9-8EE0-3435C22A7930}.Release|x86.ActiveCfg = Release|Any CPU
		{F2F08799-B8FE-43F9-8EE0-3435C22A7930}.Release|x86.Build.0 = Release|Any CPU
		{EA2E0A34-CCC1-4682-ACEE-8746C366E05B}.Debug|Any CPU.ActiveCfg = Debug|Any CPU
		{EA2E0A34-CCC1-4682-ACEE-8746C366E05B}.Debug|Any CPU.Build.0 = Debug|Any CPU
		{EA2E0A34-CCC1-4682-ACEE-8746C366E05B}.Debug|x64.ActiveCfg = Debug|Any CPU
		{EA2E0A34-CCC1-4682-ACEE-8746C366E05B}.Debug|x64.Build.0 = Debug|Any CPU
		{EA2E0A34-CCC1-4682-ACEE-8746C366E05B}.Debug|x86.ActiveCfg = Debug|Any CPU
		{EA2E0A34-CCC1-4682-ACEE-8746C366E05B}.Debug|x86.Build.0 = Debug|Any CPU
		{EA2E0A34-CCC1-4682-ACEE-8746C366E05B}.Release|Any CPU.ActiveCfg = Release|Any CPU
		{EA2E0A34-CCC1-4682-ACEE-8746C366E05B}.Release|Any CPU.Build.0 = Release|Any CPU
		{EA2E0A34-CCC1-4682-ACEE-8746C366E05B}.Release|x64.ActiveCfg = Release|Any CPU
		{EA2E0A34-CCC1-4682-ACEE-8746C366E05B}.Release|x64.Build.0 = Release|Any CPU
		{EA2E0A34-CCC1-4682-ACEE-8746C366E05B}.Release|x86.ActiveCfg = Release|Any CPU
		{EA2E0A34-CCC1-4682-ACEE-8746C366E05B}.Release|x86.Build.0 = Release|Any CPU
		{3F6CC22A-8458-4EA5-B18A-947D03F577E3}.Debug|Any CPU.ActiveCfg = Debug|Any CPU
		{3F6CC22A-8458-4EA5-B18A-947D03F577E3}.Debug|Any CPU.Build.0 = Debug|Any CPU
		{3F6CC22A-8458-4EA5-B18A-947D03F577E3}.Debug|x64.ActiveCfg = Debug|Any CPU
		{3F6CC22A-8458-4EA5-B18A-947D03F577E3}.Debug|x64.Build.0 = Debug|Any CPU
		{3F6CC22A-8458-4EA5-B18A-947D03F577E3}.Debug|x86.ActiveCfg = Debug|Any CPU
		{3F6CC22A-8458-4EA5-B18A-947D03F577E3}.Debug|x86.Build.0 = Debug|Any CPU
		{3F6CC22A-8458-4EA5-B18A-947D03F577E3}.Release|Any CPU.ActiveCfg = Release|Any CPU
		{3F6CC22A-8458-4EA5-B18A-947D03F577E3}.Release|Any CPU.Build.0 = Release|Any CPU
		{3F6CC22A-8458-4EA5-B18A-947D03F577E3}.Release|x64.ActiveCfg = Release|Any CPU
		{3F6CC22A-8458-4EA5-B18A-947D03F577E3}.Release|x64.Build.0 = Release|Any CPU
		{3F6CC22A-8458-4EA5-B18A-947D03F577E3}.Release|x86.ActiveCfg = Release|Any CPU
		{3F6CC22A-8458-4EA5-B18A-947D03F577E3}.Release|x86.Build.0 = Release|Any CPU
		{B21CD226-B12E-4046-A901-84052A5272C3}.Debug|Any CPU.ActiveCfg = Debug|Any CPU
		{B21CD226-B12E-4046-A901-84052A5272C3}.Debug|Any CPU.Build.0 = Debug|Any CPU
		{B21CD226-B12E-4046-A901-84052A5272C3}.Debug|x64.ActiveCfg = Debug|Any CPU
		{B21CD226-B12E-4046-A901-84052A5272C3}.Debug|x64.Build.0 = Debug|Any CPU
		{B21CD226-B12E-4046-A901-84052A5272C3}.Debug|x86.ActiveCfg = Debug|Any CPU
		{B21CD226-B12E-4046-A901-84052A5272C3}.Debug|x86.Build.0 = Debug|Any CPU
		{B21CD226-B12E-4046-A901-84052A5272C3}.Release|Any CPU.ActiveCfg = Release|Any CPU
		{B21CD226-B12E-4046-A901-84052A5272C3}.Release|Any CPU.Build.0 = Release|Any CPU
		{B21CD226-B12E-4046-A901-84052A5272C3}.Release|x64.ActiveCfg = Release|Any CPU
		{B21CD226-B12E-4046-A901-84052A5272C3}.Release|x64.Build.0 = Release|Any CPU
		{B21CD226-B12E-4046-A901-84052A5272C3}.Release|x86.ActiveCfg = Release|Any CPU
		{B21CD226-B12E-4046-A901-84052A5272C3}.Release|x86.Build.0 = Release|Any CPU
		{4CE1EE01-D649-4E1D-A1B0-C8F239F5CE00}.Debug|Any CPU.ActiveCfg = Debug|Any CPU
		{4CE1EE01-D649-4E1D-A1B0-C8F239F5CE00}.Debug|Any CPU.Build.0 = Debug|Any CPU
		{4CE1EE01-D649-4E1D-A1B0-C8F239F5CE00}.Debug|x64.ActiveCfg = Debug|Any CPU
		{4CE1EE01-D649-4E1D-A1B0-C8F239F5CE00}.Debug|x64.Build.0 = Debug|Any CPU
		{4CE1EE01-D649-4E1D-A1B0-C8F239F5CE00}.Debug|x86.ActiveCfg = Debug|Any CPU
		{4CE1EE01-D649-4E1D-A1B0-C8F239F5CE00}.Debug|x86.Build.0 = Debug|Any CPU
		{4CE1EE01-D649-4E1D-A1B0-C8F239F5CE00}.Release|Any CPU.ActiveCfg = Release|Any CPU
		{4CE1EE01-D649-4E1D-A1B0-C8F239F5CE00}.Release|Any CPU.Build.0 = Release|Any CPU
		{4CE1EE01-D649-4E1D-A1B0-C8F239F5CE00}.Release|x64.ActiveCfg = Release|Any CPU
		{4CE1EE01-D649-4E1D-A1B0-C8F239F5CE00}.Release|x64.Build.0 = Release|Any CPU
		{4CE1EE01-D649-4E1D-A1B0-C8F239F5CE00}.Release|x86.ActiveCfg = Release|Any CPU
		{4CE1EE01-D649-4E1D-A1B0-C8F239F5CE00}.Release|x86.Build.0 = Release|Any CPU
		{60D362E3-DFDC-4C89-B235-6FCCA104C07F}.Debug|Any CPU.ActiveCfg = Debug|Any CPU
		{60D362E3-DFDC-4C89-B235-6FCCA104C07F}.Debug|Any CPU.Build.0 = Debug|Any CPU
		{60D362E3-DFDC-4C89-B235-6FCCA104C07F}.Debug|x64.ActiveCfg = Debug|Any CPU
		{60D362E3-DFDC-4C89-B235-6FCCA104C07F}.Debug|x64.Build.0 = Debug|Any CPU
		{60D362E3-DFDC-4C89-B235-6FCCA104C07F}.Debug|x86.ActiveCfg = Debug|Any CPU
		{60D362E3-DFDC-4C89-B235-6FCCA104C07F}.Debug|x86.Build.0 = Debug|Any CPU
		{60D362E3-DFDC-4C89-B235-6FCCA104C07F}.Release|Any CPU.ActiveCfg = Release|Any CPU
		{60D362E3-DFDC-4C89-B235-6FCCA104C07F}.Release|Any CPU.Build.0 = Release|Any CPU
		{60D362E3-DFDC-4C89-B235-6FCCA104C07F}.Release|x64.ActiveCfg = Release|Any CPU
		{60D362E3-DFDC-4C89-B235-6FCCA104C07F}.Release|x64.Build.0 = Release|Any CPU
		{60D362E3-DFDC-4C89-B235-6FCCA104C07F}.Release|x86.ActiveCfg = Release|Any CPU
		{60D362E3-DFDC-4C89-B235-6FCCA104C07F}.Release|x86.Build.0 = Release|Any CPU
	EndGlobalSection
	GlobalSection(NestedProjects) = preSolution
		{DFD9E1B5-E3ED-41AC-80F0-641F5F4AD4E5} = {B4855736-5FB8-4C86-AF44-9521EF02E257}
		{A83F5FA9-C398-4F59-9165-92578CA5694C} = {9BED8B09-E4B3-4ED4-B6FC-F342747D55FA}
		{C91CB92E-6B59-4CB0-988E-72F7631A94CF} = {A83F5FA9-C398-4F59-9165-92578CA5694C}
		{3F6CC22A-8458-4EA5-B18A-947D03F577E3} = {C91CB92E-6B59-4CB0-988E-72F7631A94CF}
		{7091032C-E739-4A96-929F-E92D8F70AA8F} = {A83F5FA9-C398-4F59-9165-92578CA5694C}
		{B21CD226-B12E-4046-A901-84052A5272C3} = {7091032C-E739-4A96-929F-E92D8F70AA8F}
		{823CFC6C-501D-4E32-BFBE-C85F9A801EFE} = {A83F5FA9-C398-4F59-9165-92578CA5694C}
		{4CE1EE01-D649-4E1D-A1B0-C8F239F5CE00} = {823CFC6C-501D-4E32-BFBE-C85F9A801EFE}
		{66688A62-0143-4A04-B6AC-06E7273B57F4} = {A83F5FA9-C398-4F59-9165-92578CA5694C}
		{60D362E3-DFDC-4C89-B235-6FCCA104C07F} = {66688A62-0143-4A04-B6AC-06E7273B57F4}
	EndGlobalSection
EndGlobal
